{
  "name": "server",
  "version": "1.0.0",
  "lockfileVersion": 2,
  "requires": true,
  "packages": {
    "": {
      "version": "1.0.0",
      "license": "ISC",
      "dependencies": {
        "helmet": "^4.4.1"
      }
    },
    "node_modules/helmet": {
      "version": "4.4.1",
      "resolved": "https://registry.npmjs.org/helmet/-/helmet-4.4.1.tgz",
      "integrity": "sha512-G8tp0wUMI7i8wkMk2xLcEvESg5PiCitFMYgGRc/PwULB0RVhTP5GFdxOwvJwp9XVha8CuS8mnhmE8I/8dx/pbw==",
      "engines": {
        "node": ">=10.0.0"
      }
    }
  },
  "dependencies": {
    "helmet": {
      "version": "4.4.1",
      "resolved": "https://registry.npmjs.org/helmet/-/helmet-4.4.1.tgz",
      "integrity": "sha512-G8tp0wUMI7i8wkMk2xLcEvESg5PiCitFMYgGRc/PwULB0RVhTP5GFdxOwvJwp9XVha8CuS8mnhmE8I/8dx/pbw=="
    }
  }
}
